// !$*UTF8*$!
{
	archiveVersion = 1;
	classes = {
	};
	objectVersion = 55;
	objects = {

/* Begin PBXBuildFile section */
		741BDFCF2B46DB94005E5029 /* TextContextMenu.swift in Sources */ = {isa = PBXBuildFile; fileRef = 741BDFCE2B46DB94005E5029 /* TextContextMenu.swift */; };
		741BDFD12B46E285005E5029 /* SwipeActions.swift in Sources */ = {isa = PBXBuildFile; fileRef = 741BDFD02B46E285005E5029 /* SwipeActions.swift */; };
		741D5CDD2B376BA3006CE1D5 /* SortStringArray.swift in Sources */ = {isa = PBXBuildFile; fileRef = 741D5CDC2B376BA3006CE1D5 /* SortStringArray.swift */; };
		741D5CDF2B3775D4006CE1D5 /* FileManagerDoccument.swift in Sources */ = {isa = PBXBuildFile; fileRef = 741D5CDE2B3775D4006CE1D5 /* FileManagerDoccument.swift */; };
		741D5CE12B378C36006CE1D5 /* MapView.swift in Sources */ = {isa = PBXBuildFile; fileRef = 741D5CE02B378C36006CE1D5 /* MapView.swift */; };
		741D5CE32B379583006CE1D5 /* BioMetricUnlock.swift in Sources */ = {isa = PBXBuildFile; fileRef = 741D5CE22B379583006CE1D5 /* BioMetricUnlock.swift */; };
		7425140B2B1E824F00DCBCA4 /* JsonData.swift in Sources */ = {isa = PBXBuildFile; fileRef = 7425140A2B1E824F00DCBCA4 /* JsonData.swift */; };
		742C2CF62B609D3900C8CF53 /* RotationEffect.swift in Sources */ = {isa = PBXBuildFile; fileRef = 742C2CF52B609D3900C8CF53 /* RotationEffect.swift */; };
		742C2CF82B609EB500C8CF53 /* PriorityGesture.swift in Sources */ = {isa = PBXBuildFile; fileRef = 742C2CF72B609EB500C8CF53 /* PriorityGesture.swift */; };
		742C2CFA2B60A0A800C8CF53 /* CombinedGesture.swift in Sources */ = {isa = PBXBuildFile; fileRef = 742C2CF92B60A0A800C8CF53 /* CombinedGesture.swift */; };
		742C2CFC2B60A6B600C8CF53 /* HapticEffect.swift in Sources */ = {isa = PBXBuildFile; fileRef = 742C2CFB2B60A6B600C8CF53 /* HapticEffect.swift */; };
		742C2CFE2B60AED900C8CF53 /* ContentShape.swift in Sources */ = {isa = PBXBuildFile; fileRef = 742C2CFD2B60AED900C8CF53 /* ContentShape.swift */; };
		742F59692B0BC3D700BB764B /* CodableData.swift in Sources */ = {isa = PBXBuildFile; fileRef = 742F59682B0BC3D700BB764B /* CodableData.swift */; };
		742F596B2B0BFAA100BB764B /* LoadingImage.swift in Sources */ = {isa = PBXBuildFile; fileRef = 742F596A2B0BFAA100BB764B /* LoadingImage.swift */; };
		742F596D2B0BFF8500BB764B /* CodableConformance.swift in Sources */ = {isa = PBXBuildFile; fileRef = 742F596C2B0BFF8500BB764B /* CodableConformance.swift */; };
		742F596F2B0C032E00BB764B /* HapticEffects.swift in Sources */ = {isa = PBXBuildFile; fileRef = 742F596E2B0C032E00BB764B /* HapticEffects.swift */; };
		743110C02B48A29100AAA72E /* UserNotification.swift in Sources */ = {isa = PBXBuildFile; fileRef = 743110BF2B48A29100AAA72E /* UserNotification.swift */; };
		743110C22B48A6A700AAA72E /* PackageDownload.swift in Sources */ = {isa = PBXBuildFile; fileRef = 743110C12B48A6A700AAA72E /* PackageDownload.swift */; };
		743110C52B48A85E00AAA72E /* SamplePackage in Frameworks */ = {isa = PBXBuildFile; productRef = 743110C42B48A85E00AAA72E /* SamplePackage */; };
		7438BB902ABAEE10000CCFBA /* new_SwTApp.swift in Sources */ = {isa = PBXBuildFile; fileRef = 7438BB8F2ABAEE10000CCFBA /* new_SwTApp.swift */; };
		7438BB922ABAEE10000CCFBA /* ContentView.swift in Sources */ = {isa = PBXBuildFile; fileRef = 7438BB912ABAEE10000CCFBA /* ContentView.swift */; };
		7438BB942ABAEE11000CCFBA /* Assets.xcassets in Resources */ = {isa = PBXBuildFile; fileRef = 7438BB932ABAEE11000CCFBA /* Assets.xcassets */; };
		7438BB972ABAEE11000CCFBA /* Preview Assets.xcassets in Resources */ = {isa = PBXBuildFile; fileRef = 7438BB962ABAEE11000CCFBA /* Preview Assets.xcassets */; };
		7438BBA12ABAEE11000CCFBA /* new_SwTTests.swift in Sources */ = {isa = PBXBuildFile; fileRef = 7438BBA02ABAEE11000CCFBA /* new_SwTTests.swift */; };
		7438BBAB2ABAEE11000CCFBA /* new_SwTUITests.swift in Sources */ = {isa = PBXBuildFile; fileRef = 7438BBAA2ABAEE11000CCFBA /* new_SwTUITests.swift */; };
		7438BBAD2ABAEE11000CCFBA /* new_SwTUITestsLaunchTests.swift in Sources */ = {isa = PBXBuildFile; fileRef = 7438BBAC2ABAEE11000CCFBA /* new_SwTUITestsLaunchTests.swift */; };
		7438BBBA2ABAEE81000CCFBA /* AppStorageView.swift in Sources */ = {isa = PBXBuildFile; fileRef = 7438BBB92ABAEE81000CCFBA /* AppStorageView.swift */; };
		7438BBBC2ABAEEE2000CCFBA /* FocusStateView.swift in Sources */ = {isa = PBXBuildFile; fileRef = 7438BBBB2ABAEEE2000CCFBA /* FocusStateView.swift */; };
		7438BBBF2ABAF153000CCFBA /* IntroView.swift in Sources */ = {isa = PBXBuildFile; fileRef = 7438BBBE2ABAF153000CCFBA /* IntroView.swift */; };
		7438BBC32ABAF433000CCFBA /* OnBoardingView.swift in Sources */ = {isa = PBXBuildFile; fileRef = 7438BBC22ABAF433000CCFBA /* OnBoardingView.swift */; };
		7438BBC52ABBA77E000CCFBA /* ProfileView.swift in Sources */ = {isa = PBXBuildFile; fileRef = 7438BBC42ABBA77E000CCFBA /* ProfileView.swift */; };
		743BDEA52B212DF300D92276 /* BreakingBadJson.swift in Sources */ = {isa = PBXBuildFile; fileRef = 743BDEA42B212DF300D92276 /* BreakingBadJson.swift */; };
		7479B5F42B3E0A50002F119F /* UiAccessibility.swift in Sources */ = {isa = PBXBuildFile; fileRef = 7479B5F32B3E0A50002F119F /* UiAccessibility.swift */; };
		7479B5F62B3E11B5002F119F /* UiiAccessibility.swift in Sources */ = {isa = PBXBuildFile; fileRef = 7479B5F52B3E11B5002F119F /* UiiAccessibility.swift */; };
		7479B5F82B3E1811002F119F /* IncrementAccess.swift in Sources */ = {isa = PBXBuildFile; fileRef = 7479B5F72B3E1811002F119F /* IncrementAccess.swift */; };
		74A263EA2B46082E00B60A9F /* EvObject.swift in Sources */ = {isa = PBXBuildFile; fileRef = 74A263E92B46082E00B60A9F /* EvObject.swift */; };
		74A263EC2B460E8A00B60A9F /* ChangingObject.swift in Sources */ = {isa = PBXBuildFile; fileRef = 74A263EB2B460E8A00B60A9F /* ChangingObject.swift */; };
		74A263EE2B4617FA00B60A9F /* TaskAwait.swift in Sources */ = {isa = PBXBuildFile; fileRef = 74A263ED2B4617FA00B60A9F /* TaskAwait.swift */; };
/* End PBXBuildFile section */

/* Begin PBXContainerItemProxy section */
		7438BB9D2ABAEE11000CCFBA /* PBXContainerItemProxy */ = {
			isa = PBXContainerItemProxy;
			containerPortal = 7438BB842ABAEE10000CCFBA /* Project object */;
			proxyType = 1;
			remoteGlobalIDString = 7438BB8B2ABAEE10000CCFBA;
			remoteInfo = new.SwT;
		};
		7438BBA72ABAEE11000CCFBA /* PBXContainerItemProxy */ = {
			isa = PBXContainerItemProxy;
			containerPortal = 7438BB842ABAEE10000CCFBA /* Project object */;
			proxyType = 1;
			remoteGlobalIDString = 7438BB8B2ABAEE10000CCFBA;
			remoteInfo = new.SwT;
		};
/* End PBXContainerItemProxy section */

/* Begin PBXFileReference section */
		741BDFCE2B46DB94005E5029 /* TextContextMenu.swift */ = {isa = PBXFileReference; lastKnownFileType = sourcecode.swift; path = TextContextMenu.swift; sourceTree = "<group>"; };
		741BDFD02B46E285005E5029 /* SwipeActions.swift */ = {isa = PBXFileReference; lastKnownFileType = sourcecode.swift; path = SwipeActions.swift; sourceTree = "<group>"; };
		741D5CDC2B376BA3006CE1D5 /* SortStringArray.swift */ = {isa = PBXFileReference; lastKnownFileType = sourcecode.swift; path = SortStringArray.swift; sourceTree = "<group>"; };
		741D5CDE2B3775D4006CE1D5 /* FileManagerDoccument.swift */ = {isa = PBXFileReference; lastKnownFileType = sourcecode.swift; path = FileManagerDoccument.swift; sourceTree = "<group>"; };
		741D5CE02B378C36006CE1D5 /* MapView.swift */ = {isa = PBXFileReference; lastKnownFileType = sourcecode.swift; path = MapView.swift; sourceTree = "<group>"; };
		741D5CE22B379583006CE1D5 /* BioMetricUnlock.swift */ = {isa = PBXFileReference; lastKnownFileType = sourcecode.swift; path = BioMetricUnlock.swift; sourceTree = "<group>"; };
		7425140A2B1E824F00DCBCA4 /* JsonData.swift */ = {isa = PBXFileReference; lastKnownFileType = sourcecode.swift; path = JsonData.swift; sourceTree = "<group>"; };
		742C2CF52B609D3900C8CF53 /* RotationEffect.swift */ = {isa = PBXFileReference; lastKnownFileType = sourcecode.swift; path = RotationEffect.swift; sourceTree = "<group>"; };
		742C2CF72B609EB500C8CF53 /* PriorityGesture.swift */ = {isa = PBXFileReference; lastKnownFileType = sourcecode.swift; path = PriorityGesture.swift; sourceTree = "<group>"; };
		742C2CF92B60A0A800C8CF53 /* CombinedGesture.swift */ = {isa = PBXFileReference; lastKnownFileType = sourcecode.swift; path = CombinedGesture.swift; sourceTree = "<group>"; };
		742C2CFB2B60A6B600C8CF53 /* HapticEffect.swift */ = {isa = PBXFileReference; lastKnownFileType = sourcecode.swift; path = HapticEffect.swift; sourceTree = "<group>"; };
		742C2CFD2B60AED900C8CF53 /* ContentShape.swift */ = {isa = PBXFileReference; lastKnownFileType = sourcecode.swift; path = ContentShape.swift; sourceTree = "<group>"; };
		742F59682B0BC3D700BB764B /* CodableData.swift */ = {isa = PBXFileReference; lastKnownFileType = sourcecode.swift; path = CodableData.swift; sourceTree = "<group>"; };
		742F596A2B0BFAA100BB764B /* LoadingImage.swift */ = {isa = PBXFileReference; lastKnownFileType = sourcecode.swift; path = LoadingImage.swift; sourceTree = "<group>"; };
		742F596C2B0BFF8500BB764B /* CodableConformance.swift */ = {isa = PBXFileReference; lastKnownFileType = sourcecode.swift; path = CodableConformance.swift; sourceTree = "<group>"; };
		742F596E2B0C032E00BB764B /* HapticEffects.swift */ = {isa = PBXFileReference; lastKnownFileType = sourcecode.swift; path = HapticEffects.swift; sourceTree = "<group>"; };
		743110BF2B48A29100AAA72E /* UserNotification.swift */ = {isa = PBXFileReference; lastKnownFileType = sourcecode.swift; path = UserNotification.swift; sourceTree = "<group>"; };
		743110C12B48A6A700AAA72E /* PackageDownload.swift */ = {isa = PBXFileReference; lastKnownFileType = sourcecode.swift; path = PackageDownload.swift; sourceTree = "<group>"; };
		7438BB8C2ABAEE10000CCFBA /* new.SwT.app */ = {isa = PBXFileReference; explicitFileType = wrapper.application; includeInIndex = 0; path = new.SwT.app; sourceTree = BUILT_PRODUCTS_DIR; };
		7438BB8F2ABAEE10000CCFBA /* new_SwTApp.swift */ = {isa = PBXFileReference; lastKnownFileType = sourcecode.swift; path = new_SwTApp.swift; sourceTree = "<group>"; };
		7438BB912ABAEE10000CCFBA /* ContentView.swift */ = {isa = PBXFileReference; lastKnownFileType = sourcecode.swift; path = ContentView.swift; sourceTree = "<group>"; };
		7438BB932ABAEE11000CCFBA /* Assets.xcassets */ = {isa = PBXFileReference; lastKnownFileType = folder.assetcatalog; path = Assets.xcassets; sourceTree = "<group>"; };
		7438BB962ABAEE11000CCFBA /* Preview Assets.xcassets */ = {isa = PBXFileReference; lastKnownFileType = folder.assetcatalog; path = "Preview Assets.xcassets"; sourceTree = "<group>"; };
		7438BB9C2ABAEE11000CCFBA /* new.SwTTests.xctest */ = {isa = PBXFileReference; explicitFileType = wrapper.cfbundle; includeInIndex = 0; path = new.SwTTests.xctest; sourceTree = BUILT_PRODUCTS_DIR; };
		7438BBA02ABAEE11000CCFBA /* new_SwTTests.swift */ = {isa = PBXFileReference; lastKnownFileType = sourcecode.swift; path = new_SwTTests.swift; sourceTree = "<group>"; };
		7438BBA62ABAEE11000CCFBA /* new.SwTUITests.xctest */ = {isa = PBXFileReference; explicitFileType = wrapper.cfbundle; includeInIndex = 0; path = new.SwTUITests.xctest; sourceTree = BUILT_PRODUCTS_DIR; };
		7438BBAA2ABAEE11000CCFBA /* new_SwTUITests.swift */ = {isa = PBXFileReference; lastKnownFileType = sourcecode.swift; path = new_SwTUITests.swift; sourceTree = "<group>"; };
		7438BBAC2ABAEE11000CCFBA /* new_SwTUITestsLaunchTests.swift */ = {isa = PBXFileReference; lastKnownFileType = sourcecode.swift; path = new_SwTUITestsLaunchTests.swift; sourceTree = "<group>"; };
		7438BBB92ABAEE81000CCFBA /* AppStorageView.swift */ = {isa = PBXFileReference; lastKnownFileType = sourcecode.swift; path = AppStorageView.swift; sourceTree = "<group>"; };
		7438BBBB2ABAEEE2000CCFBA /* FocusStateView.swift */ = {isa = PBXFileReference; lastKnownFileType = sourcecode.swift; path = FocusStateView.swift; sourceTree = "<group>"; };
		7438BBBE2ABAF153000CCFBA /* IntroView.swift */ = {isa = PBXFileReference; lastKnownFileType = sourcecode.swift; path = IntroView.swift; sourceTree = "<group>"; };
		7438BBC22ABAF433000CCFBA /* OnBoardingView.swift */ = {isa = PBXFileReference; lastKnownFileType = sourcecode.swift; path = OnBoardingView.swift; sourceTree = "<group>"; };
		7438BBC42ABBA77E000CCFBA /* ProfileView.swift */ = {isa = PBXFileReference; lastKnownFileType = sourcecode.swift; path = ProfileView.swift; sourceTree = "<group>"; };
		743BDEA42B212DF300D92276 /* BreakingBadJson.swift */ = {isa = PBXFileReference; lastKnownFileType = sourcecode.swift; path = BreakingBadJson.swift; sourceTree = "<group>"; };
		7479B5F32B3E0A50002F119F /* UiAccessibility.swift */ = {isa = PBXFileReference; lastKnownFileType = sourcecode.swift; path = UiAccessibility.swift; sourceTree = "<group>"; };
		7479B5F52B3E11B5002F119F /* UiiAccessibility.swift */ = {isa = PBXFileReference; lastKnownFileType = sourcecode.swift; path = UiiAccessibility.swift; sourceTree = "<group>"; };
		7479B5F72B3E1811002F119F /* IncrementAccess.swift */ = {isa = PBXFileReference; lastKnownFileType = sourcecode.swift; path = IncrementAccess.swift; sourceTree = "<group>"; };
		74A263E92B46082E00B60A9F /* EvObject.swift */ = {isa = PBXFileReference; lastKnownFileType = sourcecode.swift; path = EvObject.swift; sourceTree = "<group>"; };
		74A263EB2B460E8A00B60A9F /* ChangingObject.swift */ = {isa = PBXFileReference; lastKnownFileType = sourcecode.swift; path = ChangingObject.swift; sourceTree = "<group>"; };
		74A263ED2B4617FA00B60A9F /* TaskAwait.swift */ = {isa = PBXFileReference; lastKnownFileType = sourcecode.swift; path = TaskAwait.swift; sourceTree = "<group>"; };
/* End PBXFileReference section */

/* Begin PBXFrameworksBuildPhase section */
		7438BB892ABAEE10000CCFBA /* Frameworks */ = {
			isa = PBXFrameworksBuildPhase;
			buildActionMask = 2147483647;
			files = (
				743110C52B48A85E00AAA72E /* SamplePackage in Frameworks */,
			);
			runOnlyForDeploymentPostprocessing = 0;
		};
		7438BB992ABAEE11000CCFBA /* Frameworks */ = {
			isa = PBXFrameworksBuildPhase;
			buildActionMask = 2147483647;
			files = (
			);
			runOnlyForDeploymentPostprocessing = 0;
		};
		7438BBA32ABAEE11000CCFBA /* Frameworks */ = {
			isa = PBXFrameworksBuildPhase;
			buildActionMask = 2147483647;
			files = (
			);
			runOnlyForDeploymentPostprocessing = 0;
		};
/* End PBXFrameworksBuildPhase section */

/* Begin PBXGroup section */
		741D5CDB2B376B5F006CE1D5 /* Project_14 */ = {
			isa = PBXGroup;
			children = (
				741D5CDC2B376BA3006CE1D5 /* SortStringArray.swift */,
				741D5CDE2B3775D4006CE1D5 /* FileManagerDoccument.swift */,
				741D5CE02B378C36006CE1D5 /* MapView.swift */,
				741D5CE22B379583006CE1D5 /* BioMetricUnlock.swift */,
			);
			path = Project_14;
			sourceTree = "<group>";
		};
		742C2CF42B609D1000C8CF53 /* Project_17 */ = {
			isa = PBXGroup;
			children = (
				742C2CF52B609D3900C8CF53 /* RotationEffect.swift */,
				742C2CF72B609EB500C8CF53 /* PriorityGesture.swift */,
				742C2CF92B60A0A800C8CF53 /* CombinedGesture.swift */,
				742C2CFB2B60A6B600C8CF53 /* HapticEffect.swift */,
				742C2CFD2B60AED900C8CF53 /* ContentShape.swift */,
			);
			path = Project_17;
			sourceTree = "<group>";
		};
		742F59652B0BC33100BB764B /* HackingWithSwift */ = {
			isa = PBXGroup;
			children = (
				742F59682B0BC3D700BB764B /* CodableData.swift */,
				742F596A2B0BFAA100BB764B /* LoadingImage.swift */,
				742F596C2B0BFF8500BB764B /* CodableConformance.swift */,
				742F596E2B0C032E00BB764B /* HapticEffects.swift */,
				7425140A2B1E824F00DCBCA4 /* JsonData.swift */,
				743BDEA42B212DF300D92276 /* BreakingBadJson.swift */,
			);
			path = HackingWithSwift;
			sourceTree = "<group>";
		};
		7438BB832ABAEE10000CCFBA = {
			isa = PBXGroup;
			children = (
				7438BB8E2ABAEE10000CCFBA /* new.SwT */,
				7438BB9F2ABAEE11000CCFBA /* new.SwTTests */,
				7438BBA92ABAEE11000CCFBA /* new.SwTUITests */,
				7438BB8D2ABAEE10000CCFBA /* Products */,
			);
			sourceTree = "<group>";
		};
		7438BB8D2ABAEE10000CCFBA /* Products */ = {
			isa = PBXGroup;
			children = (
				7438BB8C2ABAEE10000CCFBA /* new.SwT.app */,
				7438BB9C2ABAEE11000CCFBA /* new.SwTTests.xctest */,
				7438BBA62ABAEE11000CCFBA /* new.SwTUITests.xctest */,
			);
			name = Products;
			sourceTree = "<group>";
		};
		7438BB8E2ABAEE10000CCFBA /* new.SwT */ = {
			isa = PBXGroup;
			children = (
				7438BB8F2ABAEE10000CCFBA /* new_SwTApp.swift */,
				7438BB912ABAEE10000CCFBA /* ContentView.swift */,
				7438BBB92ABAEE81000CCFBA /* AppStorageView.swift */,
				7438BBBB2ABAEEE2000CCFBA /* FocusStateView.swift */,
				742F59652B0BC33100BB764B /* HackingWithSwift */,
				741D5CDB2B376B5F006CE1D5 /* Project_14 */,
				7479B5F22B3E0A1A002F119F /* Project_15 */,
				74A263E82B45FBC400B60A9F /* Project_16 */,
				742C2CF42B609D1000C8CF53 /* Project_17 */,
				7438BBBD2ABAF124000CCFBA /* OnBordingViews */,
				7438BB932ABAEE11000CCFBA /* Assets.xcassets */,
				7438BB952ABAEE11000CCFBA /* Preview Content */,
			);
			path = new.SwT;
			sourceTree = "<group>";
		};
		7438BB952ABAEE11000CCFBA /* Preview Content */ = {
			isa = PBXGroup;
			children = (
				7438BB962ABAEE11000CCFBA /* Preview Assets.xcassets */,
			);
			path = "Preview Content";
			sourceTree = "<group>";
		};
		7438BB9F2ABAEE11000CCFBA /* new.SwTTests */ = {
			isa = PBXGroup;
			children = (
				7438BBA02ABAEE11000CCFBA /* new_SwTTests.swift */,
			);
			path = new.SwTTests;
			sourceTree = "<group>";
		};
		7438BBA92ABAEE11000CCFBA /* new.SwTUITests */ = {
			isa = PBXGroup;
			children = (
				7438BBAA2ABAEE11000CCFBA /* new_SwTUITests.swift */,
				7438BBAC2ABAEE11000CCFBA /* new_SwTUITestsLaunchTests.swift */,
			);
			path = new.SwTUITests;
			sourceTree = "<group>";
		};
		7438BBBD2ABAF124000CCFBA /* OnBordingViews */ = {
			isa = PBXGroup;
			children = (
				7438BBBE2ABAF153000CCFBA /* IntroView.swift */,
				7438BBC22ABAF433000CCFBA /* OnBoardingView.swift */,
				7438BBC42ABBA77E000CCFBA /* ProfileView.swift */,
			);
			path = OnBordingViews;
			sourceTree = "<group>";
		};
		7479B5F22B3E0A1A002F119F /* Project_15 */ = {
			isa = PBXGroup;
			children = (
				7479B5F32B3E0A50002F119F /* UiAccessibility.swift */,
				7479B5F52B3E11B5002F119F /* UiiAccessibility.swift */,
				7479B5F72B3E1811002F119F /* IncrementAccess.swift */,
			);
			path = Project_15;
			sourceTree = "<group>";
		};
		74A263E82B45FBC400B60A9F /* Project_16 */ = {
			isa = PBXGroup;
			children = (
				74A263E92B46082E00B60A9F /* EvObject.swift */,
				74A263EB2B460E8A00B60A9F /* ChangingObject.swift */,
				74A263ED2B4617FA00B60A9F /* TaskAwait.swift */,
				741BDFCE2B46DB94005E5029 /* TextContextMenu.swift */,
				741BDFD02B46E285005E5029 /* SwipeActions.swift */,
				743110BF2B48A29100AAA72E /* UserNotification.swift */,
				743110C12B48A6A700AAA72E /* PackageDownload.swift */,
			);
			path = Project_16;
			sourceTree = "<group>";
		};
/* End PBXGroup section */

/* Begin PBXNativeTarget section */
		7438BB8B2ABAEE10000CCFBA /* new.SwT */ = {
			isa = PBXNativeTarget;
			buildConfigurationList = 7438BBB02ABAEE11000CCFBA /* Build configuration list for PBXNativeTarget "new.SwT" */;
			buildPhases = (
				7438BB882ABAEE10000CCFBA /* Sources */,
				7438BB892ABAEE10000CCFBA /* Frameworks */,
				7438BB8A2ABAEE10000CCFBA /* Resources */,
			);
			buildRules = (
			);
			dependencies = (
			);
			name = new.SwT;
			packageProductDependencies = (
				743110C42B48A85E00AAA72E /* SamplePackage */,
			);
			productName = new.SwT;
			productReference = 7438BB8C2ABAEE10000CCFBA /* new.SwT.app */;
			productType = "com.apple.product-type.application";
		};
		7438BB9B2ABAEE11000CCFBA /* new.SwTTests */ = {
			isa = PBXNativeTarget;
			buildConfigurationList = 7438BBB32ABAEE11000CCFBA /* Build configuration list for PBXNativeTarget "new.SwTTests" */;
			buildPhases = (
				7438BB982ABAEE11000CCFBA /* Sources */,
				7438BB992ABAEE11000CCFBA /* Frameworks */,
				7438BB9A2ABAEE11000CCFBA /* Resources */,
			);
			buildRules = (
			);
			dependencies = (
				7438BB9E2ABAEE11000CCFBA /* PBXTargetDependency */,
			);
			name = new.SwTTests;
			productName = new.SwTTests;
			productReference = 7438BB9C2ABAEE11000CCFBA /* new.SwTTests.xctest */;
			productType = "com.apple.product-type.bundle.unit-test";
		};
		7438BBA52ABAEE11000CCFBA /* new.SwTUITests */ = {
			isa = PBXNativeTarget;
			buildConfigurationList = 7438BBB62ABAEE11000CCFBA /* Build configuration list for PBXNativeTarget "new.SwTUITests" */;
			buildPhases = (
				7438BBA22ABAEE11000CCFBA /* Sources */,
				7438BBA32ABAEE11000CCFBA /* Frameworks */,
				7438BBA42ABAEE11000CCFBA /* Resources */,
			);
			buildRules = (
			);
			dependencies = (
				7438BBA82ABAEE11000CCFBA /* PBXTargetDependency */,
			);
			name = new.SwTUITests;
			productName = new.SwTUITests;
			productReference = 7438BBA62ABAEE11000CCFBA /* new.SwTUITests.xctest */;
			productType = "com.apple.product-type.bundle.ui-testing";
		};
/* End PBXNativeTarget section */

/* Begin PBXProject section */
		7438BB842ABAEE10000CCFBA /* Project object */ = {
			isa = PBXProject;
			attributes = {
				BuildIndependentTargetsInParallel = 1;
				LastSwiftUpdateCheck = 1320;
				LastUpgradeCheck = 1320;
				TargetAttributes = {
					7438BB8B2ABAEE10000CCFBA = {
						CreatedOnToolsVersion = 13.2.1;
					};
					7438BB9B2ABAEE11000CCFBA = {
						CreatedOnToolsVersion = 13.2.1;
						TestTargetID = 7438BB8B2ABAEE10000CCFBA;
					};
					7438BBA52ABAEE11000CCFBA = {
						CreatedOnToolsVersion = 13.2.1;
						TestTargetID = 7438BB8B2ABAEE10000CCFBA;
					};
				};
			};
			buildConfigurationList = 7438BB872ABAEE10000CCFBA /* Build configuration list for PBXProject "new.SwT" */;
			compatibilityVersion = "Xcode 13.0";
			developmentRegion = en;
			hasScannedForEncodings = 0;
			knownRegions = (
				en,
				Base,
			);
			mainGroup = 7438BB832ABAEE10000CCFBA;
			packageReferences = (
				743110C32B48A85E00AAA72E /* XCRemoteSwiftPackageReference "SamplePackage" */,
			);
			productRefGroup = 7438BB8D2ABAEE10000CCFBA /* Products */;
			projectDirPath = "";
			projectRoot = "";
			targets = (
				7438BB8B2ABAEE10000CCFBA /* new.SwT */,
				7438BB9B2ABAEE11000CCFBA /* new.SwTTests */,
				7438BBA52ABAEE11000CCFBA /* new.SwTUITests */,
			);
		};
/* End PBXProject section */

/* Begin PBXResourcesBuildPhase section */
		7438BB8A2ABAEE10000CCFBA /* Resources */ = {
			isa = PBXResourcesBuildPhase;
			buildActionMask = 2147483647;
			files = (
				7438BB972ABAEE11000CCFBA /* Preview Assets.xcassets in Resources */,
				7438BB942ABAEE11000CCFBA /* Assets.xcassets in Resources */,
			);
			runOnlyForDeploymentPostprocessing = 0;
		};
		7438BB9A2ABAEE11000CCFBA /* Resources */ = {
			isa = PBXResourcesBuildPhase;
			buildActionMask = 2147483647;
			files = (
			);
			runOnlyForDeploymentPostprocessing = 0;
		};
		7438BBA42ABAEE11000CCFBA /* Resources */ = {
			isa = PBXResourcesBuildPhase;
			buildActionMask = 2147483647;
			files = (
			);
			runOnlyForDeploymentPostprocessing = 0;
		};
/* End PBXResourcesBuildPhase section */

/* Begin PBXSourcesBuildPhase section */
		7438BB882ABAEE10000CCFBA /* Sources */ = {
			isa = PBXSourcesBuildPhase;
			buildActionMask = 2147483647;
			files = (
				742C2CF62B609D3900C8CF53 /* RotationEffect.swift in Sources */,
				741D5CDF2B3775D4006CE1D5 /* FileManagerDoccument.swift in Sources */,
				741D5CE12B378C36006CE1D5 /* MapView.swift in Sources */,
				743BDEA52B212DF300D92276 /* BreakingBadJson.swift in Sources */,
				74A263EC2B460E8A00B60A9F /* ChangingObject.swift in Sources */,
				742F59692B0BC3D700BB764B /* CodableData.swift in Sources */,
				7438BBBA2ABAEE81000CCFBA /* AppStorageView.swift in Sources */,
				741BDFD12B46E285005E5029 /* SwipeActions.swift in Sources */,
				7438BB922ABAEE10000CCFBA /* ContentView.swift in Sources */,
				7438BBBF2ABAF153000CCFBA /* IntroView.swift in Sources */,
				742C2CFA2B60A0A800C8CF53 /* CombinedGesture.swift in Sources */,
				7479B5F82B3E1811002F119F /* IncrementAccess.swift in Sources */,
				7438BBC32ABAF433000CCFBA /* OnBoardingView.swift in Sources */,
				7479B5F42B3E0A50002F119F /* UiAccessibility.swift in Sources */,
				742C2CFC2B60A6B600C8CF53 /* HapticEffect.swift in Sources */,
				74A263EE2B4617FA00B60A9F /* TaskAwait.swift in Sources */,
				742F596F2B0C032E00BB764B /* HapticEffects.swift in Sources */,
				7438BB902ABAEE10000CCFBA /* new_SwTApp.swift in Sources */,
				742C2CF82B609EB500C8CF53 /* PriorityGesture.swift in Sources */,
				742F596D2B0BFF8500BB764B /* CodableConformance.swift in Sources */,
				741BDFCF2B46DB94005E5029 /* TextContextMenu.swift in Sources */,
				743110C02B48A29100AAA72E /* UserNotification.swift in Sources */,
				7438BBC52ABBA77E000CCFBA /* ProfileView.swift in Sources */,
				743110C22B48A6A700AAA72E /* PackageDownload.swift in Sources */,
				74A263EA2B46082E00B60A9F /* EvObject.swift in Sources */,
				742C2CFE2B60AED900C8CF53 /* ContentShape.swift in Sources */,
				7479B5F62B3E11B5002F119F /* UiiAccessibility.swift in Sources */,
				741D5CDD2B376BA3006CE1D5 /* SortStringArray.swift in Sources */,
				741D5CE32B379583006CE1D5 /* BioMetricUnlock.swift in Sources */,
				7425140B2B1E824F00DCBCA4 /* JsonData.swift in Sources */,
				742F596B2B0BFAA100BB764B /* LoadingImage.swift in Sources */,
				7438BBBC2ABAEEE2000CCFBA /* FocusStateView.swift in Sources */,
			);
			runOnlyForDeploymentPostprocessing = 0;
		};
		7438BB982ABAEE11000CCFBA /* Sources */ = {
			isa = PBXSourcesBuildPhase;
			buildActionMask = 2147483647;
			files = (
				7438BBA12ABAEE11000CCFBA /* new_SwTTests.swift in Sources */,
			);
			runOnlyForDeploymentPostprocessing = 0;
		};
		7438BBA22ABAEE11000CCFBA /* Sources */ = {
			isa = PBXSourcesBuildPhase;
			buildActionMask = 2147483647;
			files = (
				7438BBAD2ABAEE11000CCFBA /* new_SwTUITestsLaunchTests.swift in Sources */,
				7438BBAB2ABAEE11000CCFBA /* new_SwTUITests.swift in Sources */,
			);
			runOnlyForDeploymentPostprocessing = 0;
		};
/* End PBXSourcesBuildPhase section */

/* Begin PBXTargetDependency section */
		7438BB9E2ABAEE11000CCFBA /* PBXTargetDependency */ = {
			isa = PBXTargetDependency;
			target = 7438BB8B2ABAEE10000CCFBA /* new.SwT */;
			targetProxy = 7438BB9D2ABAEE11000CCFBA /* PBXContainerItemProxy */;
		};
		7438BBA82ABAEE11000CCFBA /* PBXTargetDependency */ = {
			isa = PBXTargetDependency;
			target = 7438BB8B2ABAEE10000CCFBA /* new.SwT */;
			targetProxy = 7438BBA72ABAEE11000CCFBA /* PBXContainerItemProxy */;
		};
/* End PBXTargetDependency section */

/* Begin XCBuildConfiguration section */
		7438BBAE2ABAEE11000CCFBA /* Debug */ = {
			isa = XCBuildConfiguration;
			buildSettings = {
				ALWAYS_SEARCH_USER_PATHS = NO;
				CLANG_ANALYZER_NONNULL = YES;
				CLANG_ANALYZER_NUMBER_OBJECT_CONVERSION = YES_AGGRESSIVE;
				CLANG_CXX_LANGUAGE_STANDARD = "gnu++17";
				CLANG_CXX_LIBRARY = "libc++";
				CLANG_ENABLE_MODULES = YES;
				CLANG_ENABLE_OBJC_ARC = YES;
				CLANG_ENABLE_OBJC_WEAK = YES;
				CLANG_WARN_BLOCK_CAPTURE_AUTORELEASING = YES;
				CLANG_WARN_BOOL_CONVERSION = YES;
				CLANG_WARN_COMMA = YES;
				CLANG_WARN_CONSTANT_CONVERSION = YES;
				CLANG_WARN_DEPRECATED_OBJC_IMPLEMENTATIONS = YES;
				CLANG_WARN_DIRECT_OBJC_ISA_USAGE = YES_ERROR;
				CLANG_WARN_DOCUMENTATION_COMMENTS = YES;
				CLANG_WARN_EMPTY_BODY = YES;
				CLANG_WARN_ENUM_CONVERSION = YES;
				CLANG_WARN_INFINITE_RECURSION = YES;
				CLANG_WARN_INT_CONVERSION = YES;
				CLANG_WARN_NON_LITERAL_NULL_CONVERSION = YES;
				CLANG_WARN_OBJC_IMPLICIT_RETAIN_SELF = YES;
				CLANG_WARN_OBJC_LITERAL_CONVERSION = YES;
				CLANG_WARN_OBJC_ROOT_CLASS = YES_ERROR;
				CLANG_WARN_QUOTED_INCLUDE_IN_FRAMEWORK_HEADER = YES;
				CLANG_WARN_RANGE_LOOP_ANALYSIS = YES;
				CLANG_WARN_STRICT_PROTOTYPES = YES;
				CLANG_WARN_SUSPICIOUS_MOVE = YES;
				CLANG_WARN_UNGUARDED_AVAILABILITY = YES_AGGRESSIVE;
				CLANG_WARN_UNREACHABLE_CODE = YES;
				CLANG_WARN__DUPLICATE_METHOD_MATCH = YES;
				COPY_PHASE_STRIP = NO;
				DEBUG_INFORMATION_FORMAT = dwarf;
				ENABLE_STRICT_OBJC_MSGSEND = YES;
				ENABLE_TESTABILITY = YES;
				GCC_C_LANGUAGE_STANDARD = gnu11;
				GCC_DYNAMIC_NO_PIC = NO;
				GCC_NO_COMMON_BLOCKS = YES;
				GCC_OPTIMIZATION_LEVEL = 0;
				GCC_PREPROCESSOR_DEFINITIONS = (
					"DEBUG=1",
					"$(inherited)",
				);
				GCC_WARN_64_TO_32_BIT_CONVERSION = YES;
				GCC_WARN_ABOUT_RETURN_TYPE = YES_ERROR;
				GCC_WARN_UNDECLARED_SELECTOR = YES;
				GCC_WARN_UNINITIALIZED_AUTOS = YES_AGGRESSIVE;
				GCC_WARN_UNUSED_FUNCTION = YES;
				GCC_WARN_UNUSED_VARIABLE = YES;
				IPHONEOS_DEPLOYMENT_TARGET = 15.2;
				MTL_ENABLE_DEBUG_INFO = INCLUDE_SOURCE;
				MTL_FAST_MATH = YES;
				ONLY_ACTIVE_ARCH = YES;
				SDKROOT = iphoneos;
				SWIFT_ACTIVE_COMPILATION_CONDITIONS = DEBUG;
				SWIFT_OPTIMIZATION_LEVEL = "-Onone";
			};
			name = Debug;
		};
		7438BBAF2ABAEE11000CCFBA /* Release */ = {
			isa = XCBuildConfiguration;
			buildSettings = {
				ALWAYS_SEARCH_USER_PATHS = NO;
				CLANG_ANALYZER_NONNULL = YES;
				CLANG_ANALYZER_NUMBER_OBJECT_CONVERSION = YES_AGGRESSIVE;
				CLANG_CXX_LANGUAGE_STANDARD = "gnu++17";
				CLANG_CXX_LIBRARY = "libc++";
				CLANG_ENABLE_MODULES = YES;
				CLANG_ENABLE_OBJC_ARC = YES;
				CLANG_ENABLE_OBJC_WEAK = YES;
				CLANG_WARN_BLOCK_CAPTURE_AUTORELEASING = YES;
				CLANG_WARN_BOOL_CONVERSION = YES;
				CLANG_WARN_COMMA = YES;
				CLANG_WARN_CONSTANT_CONVERSION = YES;
				CLANG_WARN_DEPRECATED_OBJC_IMPLEMENTATIONS = YES;
				CLANG_WARN_DIRECT_OBJC_ISA_USAGE = YES_ERROR;
				CLANG_WARN_DOCUMENTATION_COMMENTS = YES;
				CLANG_WARN_EMPTY_BODY = YES;
				CLANG_WARN_ENUM_CONVERSION = YES;
				CLANG_WARN_INFINITE_RECURSION = YES;
				CLANG_WARN_INT_CONVERSION = YES;
				CLANG_WARN_NON_LITERAL_NULL_CONVERSION = YES;
				CLANG_WARN_OBJC_IMPLICIT_RETAIN_SELF = YES;
				CLANG_WARN_OBJC_LITERAL_CONVERSION = YES;
				CLANG_WARN_OBJC_ROOT_CLASS = YES_ERROR;
				CLANG_WARN_QUOTED_INCLUDE_IN_FRAMEWORK_HEADER = YES;
				CLANG_WARN_RANGE_LOOP_ANALYSIS = YES;
				CLANG_WARN_STRICT_PROTOTYPES = YES;
				CLANG_WARN_SUSPICIOUS_MOVE = YES;
				CLANG_WARN_UNGUARDED_AVAILABILITY = YES_AGGRESSIVE;
				CLANG_WARN_UNREACHABLE_CODE = YES;
				CLANG_WARN__DUPLICATE_METHOD_MATCH = YES;
				COPY_PHASE_STRIP = NO;
				DEBUG_INFORMATION_FORMAT = "dwarf-with-dsym";
				ENABLE_NS_ASSERTIONS = NO;
				ENABLE_STRICT_OBJC_MSGSEND = YES;
				GCC_C_LANGUAGE_STANDARD = gnu11;
				GCC_NO_COMMON_BLOCKS = YES;
				GCC_WARN_64_TO_32_BIT_CONVERSION = YES;
				GCC_WARN_ABOUT_RETURN_TYPE = YES_ERROR;
				GCC_WARN_UNDECLARED_SELECTOR = YES;
				GCC_WARN_UNINITIALIZED_AUTOS = YES_AGGRESSIVE;
				GCC_WARN_UNUSED_FUNCTION = YES;
				GCC_WARN_UNUSED_VARIABLE = YES;
				IPHONEOS_DEPLOYMENT_TARGET = 15.2;
				MTL_ENABLE_DEBUG_INFO = NO;
				MTL_FAST_MATH = YES;
				SDKROOT = iphoneos;
				SWIFT_COMPILATION_MODE = wholemodule;
				SWIFT_OPTIMIZATION_LEVEL = "-O";
				VALIDATE_PRODUCT = YES;
			};
			name = Release;
		};
		7438BBB12ABAEE11000CCFBA /* Debug */ = {
			isa = XCBuildConfiguration;
			buildSettings = {
				ASSETCATALOG_COMPILER_APPICON_NAME = AppIcon;
				ASSETCATALOG_COMPILER_GLOBAL_ACCENT_COLOR_NAME = AccentColor;
				CODE_SIGN_STYLE = Automatic;
				CURRENT_PROJECT_VERSION = 1;
				DEVELOPMENT_ASSET_PATHS = "\"new.SwT/Preview Content\"";
				ENABLE_PREVIEWS = YES;
				GENERATE_INFOPLIST_FILE = YES;
				INFOPLIST_KEY_NSFaceIDUsageDescription = "Unlock data";
				INFOPLIST_KEY_UIApplicationSceneManifest_Generation = YES;
				INFOPLIST_KEY_UIApplicationSupportsIndirectInputEvents = YES;
				INFOPLIST_KEY_UILaunchScreen_Generation = YES;
				INFOPLIST_KEY_UISupportedInterfaceOrientations_iPad = "UIInterfaceOrientationPortrait UIInterfaceOrientationPortraitUpsideDown UIInterfaceOrientationLandscapeLeft UIInterfaceOrientationLandscapeRight";
				INFOPLIST_KEY_UISupportedInterfaceOrientations_iPhone = "UIInterfaceOrientationPortrait UIInterfaceOrientationLandscapeLeft UIInterfaceOrientationLandscapeRight";
				LD_RUNPATH_SEARCH_PATHS = (
					"$(inherited)",
					"@executable_path/Frameworks",
				);
				MARKETING_VERSION = 1.0;
				PRODUCT_BUNDLE_IDENTIFIER = "temp.new-SwT";
				PRODUCT_NAME = "$(TARGET_NAME)";
				SWIFT_EMIT_LOC_STRINGS = YES;
				SWIFT_VERSION = 5.0;
				TARGETED_DEVICE_FAMILY = "1,2";
			};
			name = Debug;
		};
		7438BBB22ABAEE11000CCFBA /* Release */ = {
			isa = XCBuildConfiguration;
			buildSettings = {
				ASSETCATALOG_COMPILER_APPICON_NAME = AppIcon;
				ASSETCATALOG_COMPILER_GLOBAL_ACCENT_COLOR_NAME = AccentColor;
				CODE_SIGN_STYLE = Automatic;
				CURRENT_PROJECT_VERSION = 1;
				DEVELOPMENT_ASSET_PATHS = "\"new.SwT/Preview Content\"";
				ENABLE_PREVIEWS = YES;
				GENERATE_INFOPLIST_FILE = YES;
				INFOPLIST_KEY_NSFaceIDUsageDescription = "Unlock data";
				INFOPLIST_KEY_UIApplicationSceneManifest_Generation = YES;
				INFOPLIST_KEY_UIApplicationSupportsIndirectInputEvents = YES;
				INFOPLIST_KEY_UILaunchScreen_Generation = YES;
				INFOPLIST_KEY_UISupportedInterfaceOrientations_iPad = "UIInterfaceOrientationPortrait UIInterfaceOrientationPortraitUpsideDown UIInterfaceOrientationLandscapeLeft UIInterfaceOrientationLandscapeRight";
				INFOPLIST_KEY_UISupportedInterfaceOrientations_iPhone = "UIInterfaceOrientationPortrait UIInterfaceOrientationLandscapeLeft UIInterfaceOrientationLandscapeRight";
				LD_RUNPATH_SEARCH_PATHS = (
					"$(inherited)",
					"@executable_path/Frameworks",
				);
				MARKETING_VERSION = 1.0;
				PRODUCT_BUNDLE_IDENTIFIER = "temp.new-SwT";
				PRODUCT_NAME = "$(TARGET_NAME)";
				SWIFT_EMIT_LOC_STRINGS = YES;
				SWIFT_VERSION = 5.0;
				TARGETED_DEVICE_FAMILY = "1,2";
			};
			name = Release;
		};
		7438BBB42ABAEE11000CCFBA /* Debug */ = {
			isa = XCBuildConfiguration;
			buildSettings = {
				ALWAYS_EMBED_SWIFT_STANDARD_LIBRARIES = YES;
				BUNDLE_LOADER = "$(TEST_HOST)";
				CODE_SIGN_STYLE = Automatic;
				CURRENT_PROJECT_VERSION = 1;
				GENERATE_INFOPLIST_FILE = YES;
				IPHONEOS_DEPLOYMENT_TARGET = 15.2;
				MARKETING_VERSION = 1.0;
				PRODUCT_BUNDLE_IDENTIFIER = "temp.new-SwTTests";
				PRODUCT_NAME = "$(TARGET_NAME)";
				SWIFT_EMIT_LOC_STRINGS = NO;
				SWIFT_VERSION = 5.0;
				TARGETED_DEVICE_FAMILY = "1,2";
				TEST_HOST = "$(BUILT_PRODUCTS_DIR)/new.SwT.app/new.SwT";
			};
			name = Debug;
		};
		7438BBB52ABAEE11000CCFBA /* Release */ = {
			isa = XCBuildConfiguration;
			buildSettings = {
				ALWAYS_EMBED_SWIFT_STANDARD_LIBRARIES = YES;
				BUNDLE_LOADER = "$(TEST_HOST)";
				CODE_SIGN_STYLE = Automatic;
				CURRENT_PROJECT_VERSION = 1;
				GENERATE_INFOPLIST_FILE = YES;
				IPHONEOS_DEPLOYMENT_TARGET = 15.2;
				MARKETING_VERSION = 1.0;
				PRODUCT_BUNDLE_IDENTIFIER = "temp.new-SwTTests";
				PRODUCT_NAME = "$(TARGET_NAME)";
				SWIFT_EMIT_LOC_STRINGS = NO;
				SWIFT_VERSION = 5.0;
				TARGETED_DEVICE_FAMILY = "1,2";
				TEST_HOST = "$(BUILT_PRODUCTS_DIR)/new.SwT.app/new.SwT";
			};
			name = Release;
		};
		7438BBB72ABAEE11000CCFBA /* Debug */ = {
			isa = XCBuildConfiguration;
			buildSettings = {
				ALWAYS_EMBED_SWIFT_STANDARD_LIBRARIES = YES;
				CODE_SIGN_STYLE = Automatic;
				CURRENT_PROJECT_VERSION = 1;
				GENERATE_INFOPLIST_FILE = YES;
				MARKETING_VERSION = 1.0;
				PRODUCT_BUNDLE_IDENTIFIER = "temp.new-SwTUITests";
				PRODUCT_NAME = "$(TARGET_NAME)";
				SWIFT_EMIT_LOC_STRINGS = NO;
				SWIFT_VERSION = 5.0;
				TARGETED_DEVICE_FAMILY = "1,2";
				TEST_TARGET_NAME = new.SwT;
			};
			name = Debug;
		};
		7438BBB82ABAEE11000CCFBA /* Release */ = {
			isa = XCBuildConfiguration;
			buildSettings = {
				ALWAYS_EMBED_SWIFT_STANDARD_LIBRARIES = YES;
				CODE_SIGN_STYLE = Automatic;
				CURRENT_PROJECT_VERSION = 1;
				GENERATE_INFOPLIST_FILE = YES;
				MARKETING_VERSION = 1.0;
				PRODUCT_BUNDLE_IDENTIFIER = "temp.new-SwTUITests";
				PRODUCT_NAME = "$(TARGET_NAME)";
				SWIFT_EMIT_LOC_STRINGS = NO;
				SWIFT_VERSION = 5.0;
				TARGETED_DEVICE_FAMILY = "1,2";
				TEST_TARGET_NAME = new.SwT;
			};
			name = Release;
		};
/* End XCBuildConfiguration section */

/* Begin XCConfigurationList section */
		7438BB872ABAEE10000CCFBA /* Build configuration list for PBXProject "new.SwT" */ = {
			isa = XCConfigurationList;
			buildConfigurations = (
				7438BBAE2ABAEE11000CCFBA /* Debug */,
				7438BBAF2ABAEE11000CCFBA /* Release */,
			);
			defaultConfigurationIsVisible = 0;
			defaultConfigurationName = Release;
		};
		7438BBB02ABAEE11000CCFBA /* Build configuration list for PBXNativeTarget "new.SwT" */ = {
			isa = XCConfigurationList;
			buildConfigurations = (
				7438BBB12ABAEE11000CCFBA /* Debug */,
				7438BBB22ABAEE11000CCFBA /* Release */,
			);
			defaultConfigurationIsVisible = 0;
			defaultConfigurationName = Release;
		};
		7438BBB32ABAEE11000CCFBA /* Build configuration list for PBXNativeTarget "new.SwTTests" */ = {
			isa = XCConfigurationList;
			buildConfigurations = (
				7438BBB42ABAEE11000CCFBA /* Debug */,
				7438BBB52ABAEE11000CCFBA /* Release */,
			);
			defaultConfigurationIsVisible = 0;
			defaultConfigurationName = Release;
		};
		7438BBB62ABAEE11000CCFBA /* Build configuration list for PBXNativeTarget "new.SwTUITests" */ = {
			isa = XCConfigurationList;
			buildConfigurations = (
				7438BBB72ABAEE11000CCFBA /* Debug */,
				7438BBB82ABAEE11000CCFBA /* Release */,
			);
			defaultConfigurationIsVisible = 0;
			defaultConfigurationName = Release;
		};
/* End XCConfigurationList section */

/* Begin XCRemoteSwiftPackageReference section */
		743110C32B48A85E00AAA72E /* XCRemoteSwiftPackageReference "SamplePackage" */ = {
			isa = XCRemoteSwiftPackageReference;
			repositoryURL = "https://github.com/twostraws/SamplePackage";
			requirement = {
				kind = upToNextMajorVersion;
				minimumVersion = 1.0.0;
			};
		};
/* End XCRemoteSwiftPackageReference section */

/* Begin XCSwiftPackageProductDependency section */
		743110C42B48A85E00AAA72E /* SamplePackage */ = {
			isa = XCSwiftPackageProductDependency;
			package = 743110C32B48A85E00AAA72E /* XCRemoteSwiftPackageReference "SamplePackage" */;
			productName = SamplePackage;
		};
/* End XCSwiftPackageProductDependency section */
	};
	rootObject = 7438BB842ABAEE10000CCFBA /* Project object */;
}
